
Microsoft Visual Studio Solution File, Format Version 12.00
# Visual Studio 14
VisualStudioVersion = 14.0.23107.0
MinimumVisualStudioVersion = 10.0.40219.1
Project("{FAE04EC0-301F-11D3-BF4B-00C04F79EFBC}") = "MeerkatProduct", "MeerkatProduct\MeerkatProduct.csproj", "{4E29EC76-3E94-43EF-9DBD-F1D358E90E9A}"
EndProject
Project("{FAE04EC0-301F-11D3-BF4B-00C04F79EFBC}") = "Meerkat.Domain", "Meerkat.Cqrs\Meerkat.Domain.csproj", "{BC6B665E-8F63-4171-934C-9D44648777ED}"
EndProject
Project("{2150E333-8FDC-42A3-9474-1A3956D46DE8}") = "Infrastructure", "Infrastructure", "{1B0B30AF-E41A-4719-AC85-97DB64FC8135}"
EndProject
Project("{FAE04EC0-301F-11D3-BF4B-00C04F79EFBC}") = "Nebula.Utilities", "Nebula.Utilities\Nebula.Utilities.csproj", "{8431D32B-C3BA-4EFB-B85D-7BC70798F571}"
EndProject
Project("{FAE04EC0-301F-11D3-BF4B-00C04F79EFBC}") = "Nebula.Utilities.Test", "Nebula.Utilities.Test\Nebula.Utilities.Test.csproj", "{8F600136-F3FB-4FC3-8CDF-982FD06CAC71}"
EndProject
Project("{FAE04EC0-301F-11D3-BF4B-00C04F79EFBC}") = "Nebula.Repository", "Nebula.Repository\Nebula.Repository.csproj", "{CD58A276-8A17-44FD-8764-09AD2E5403C4}"
EndProject
Project("{FAE04EC0-301F-11D3-BF4B-00C04F79EFBC}") = "Nebula.Repository.Test", "Nebula.Repository.Test\Nebula.Repository.Test.csproj", "{985CAA5C-61AE-4F73-BCB3-4564A0FF2689}"
EndProject
Project("{2150E333-8FDC-42A3-9474-1A3956D46DE8}") = "Solution Items", "Solution Items", "{26F1E490-D348-4EA0-AF52-8CBA2D2F0F1B}"
	ProjectSection(SolutionItems) = preProject
		ReadMe.txt = ReadMe.txt
	EndProjectSection
EndProject
Project("{FAE04EC0-301F-11D3-BF4B-00C04F79EFBC}") = "SyntaxTest.cs", "SyntaxTest.cs\SyntaxTest.cs.csproj", "{E5675FBD-1E37-4F69-A0ED-6F5C0B38B456}"
EndProject
Project("{FAE04EC0-301F-11D3-BF4B-00C04F79EFBC}") = "Nebula.Cache", "Nebula.Cache\Nebula.Cache.csproj", "{6D9BBEFC-EDC8-499A-890D-2B0CF49A9552}"
EndProject
Project("{FAE04EC0-301F-11D3-BF4B-00C04F79EFBC}") = "Nebula.Cache.Test", "Nebula.Cache.Test\Nebula.Cache.Test.csproj", "{72804F53-5EB2-4E8C-874A-02C501ECFA6E}"
EndProject
Global
	GlobalSection(SolutionConfigurationPlatforms) = preSolution
		Debug|Any CPU = Debug|Any CPU
		Release|Any CPU = Release|Any CPU
	EndGlobalSection
	GlobalSection(ProjectConfigurationPlatforms) = postSolution
		{4E29EC76-3E94-43EF-9DBD-F1D358E90E9A}.Debug|Any CPU.ActiveCfg = Debug|Any CPU
		{4E29EC76-3E94-43EF-9DBD-F1D358E90E9A}.Debug|Any CPU.Build.0 = Debug|Any CPU
		{4E29EC76-3E94-43EF-9DBD-F1D358E90E9A}.Release|Any CPU.ActiveCfg = Release|Any CPU
		{4E29EC76-3E94-43EF-9DBD-F1D358E90E9A}.Release|Any CPU.Build.0 = Release|Any CPU
		{BC6B665E-8F63-4171-934C-9D44648777ED}.Debug|Any CPU.ActiveCfg = Debug|Any CPU
		{BC6B665E-8F63-4171-934C-9D44648777ED}.Debug|Any CPU.Build.0 = Debug|Any CPU
		{BC6B665E-8F63-4171-934C-9D44648777ED}.Release|Any CPU.ActiveCfg = Release|Any CPU
		{BC6B665E-8F63-4171-934C-9D44648777ED}.Release|Any CPU.Build.0 = Release|Any CPU
		{8431D32B-C3BA-4EFB-B85D-7BC70798F571}.Debug|Any CPU.ActiveCfg = Debug|Any CPU
		{8431D32B-C3BA-4EFB-B85D-7BC70798F571}.Debug|Any CPU.Build.0 = Debug|Any CPU
		{8431D32B-C3BA-4EFB-B85D-7BC70798F571}.Release|Any CPU.ActiveCfg = Release|Any CPU
		{8431D32B-C3BA-4EFB-B85D-7BC70798F571}.Release|Any CPU.Build.0 = Release|Any CPU
		{8F600136-F3FB-4FC3-8CDF-982FD06CAC71}.Debug|Any CPU.ActiveCfg = Debug|Any CPU
		{8F600136-F3FB-4FC3-8CDF-982FD06CAC71}.Debug|Any CPU.Build.0 = Debug|Any CPU
		{8F600136-F3FB-4FC3-8CDF-982FD06CAC71}.Release|Any CPU.ActiveCfg = Release|Any CPU
		{8F600136-F3FB-4FC3-8CDF-982FD06CAC71}.Release|Any CPU.Build.0 = Release|Any CPU
		{CD58A276-8A17-44FD-8764-09AD2E5403C4}.Debug|Any CPU.ActiveCfg = Debug|Any CPU
		{CD58A276-8A17-44FD-8764-09AD2E5403C4}.Debug|Any CPU.Build.0 = Debug|Any CPU
		{CD58A276-8A17-44FD-8764-09AD2E5403C4}.Release|Any CPU.ActiveCfg = Release|Any CPU
		{CD58A276-8A17-44FD-8764-09AD2E5403C4}.Release|Any CPU.Build.0 = Release|Any CPU
		{985CAA5C-61AE-4F73-BCB3-4564A0FF2689}.Debug|Any CPU.ActiveCfg = Debug|Any CPU
		{985CAA5C-61AE-4F73-BCB3-4564A0FF2689}.Debug|Any CPU.Build.0 = Debug|Any CPU
		{985CAA5C-61AE-4F73-BCB3-4564A0FF2689}.Release|Any CPU.ActiveCfg = Release|Any CPU
		{985CAA5C-61AE-4F73-BCB3-4564A0FF2689}.Release|Any CPU.Build.0 = Release|Any CPU
		{E5675FBD-1E37-4F69-A0ED-6F5C0B38B456}.Debug|Any CPU.ActiveCfg = Debug|Any CPU
		{E5675FBD-1E37-4F69-A0ED-6F5C0B38B456}.Debug|Any CPU.Build.0 = Debug|Any CPU
		{E5675FBD-1E37-4F69-A0ED-6F5C0B38B456}.Release|Any CPU.ActiveCfg = Release|Any CPU
		{E5675FBD-1E37-4F69-A0ED-6F5C0B38B456}.Release|Any CPU.Build.0 = Release|Any CPU
		{6D9BBEFC-EDC8-499A-890D-2B0CF49A9552}.Debug|Any CPU.ActiveCfg = Debug|Any CPU
		{6D9BBEFC-EDC8-499A-890D-2B0CF49A9552}.Debug|Any CPU.Build.0 = Debug|Any CPU
		{6D9BBEFC-EDC8-499A-890D-2B0CF49A9552}.Release|Any CPU.ActiveCfg = Release|Any CPU
		{6D9BBEFC-EDC8-499A-890D-2B0CF49A9552}.Release|Any CPU.Build.0 = Release|Any CPU
		{72804F53-5EB2-4E8C-874A-02C501ECFA6E}.Debug|Any CPU.ActiveCfg = Debug|Any CPU
		{72804F53-5EB2-4E8C-874A-02C501ECFA6E}.Debug|Any CPU.Build.0 = Debug|Any CPU
		{72804F53-5EB2-4E8C-874A-02C501ECFA6E}.Release|Any CPU.ActiveCfg = Release|Any CPU
		{72804F53-5EB2-4E8C-874A-02C501ECFA6E}.Release|Any CPU.Build.0 = Release|Any CPU
	EndGlobalSection
	GlobalSection(SolutionProperties) = preSolution
		HideSolutionNode = FALSE
	EndGlobalSection
	GlobalSection(NestedProjects) = preSolution
		{8431D32B-C3BA-4EFB-B85D-7BC70798F571} = {1B0B30AF-E41A-4719-AC85-97DB64FC8135}
		{8F600136-F3FB-4FC3-8CDF-982FD06CAC71} = {1B0B30AF-E41A-4719-AC85-97DB64FC8135}
		{CD58A276-8A17-44FD-8764-09AD2E5403C4} = {1B0B30AF-E41A-4719-AC85-97DB64FC8135}
		{985CAA5C-61AE-4F73-BCB3-4564A0FF2689} = {1B0B30AF-E41A-4719-AC85-97DB64FC8135}
		{E5675FBD-1E37-4F69-A0ED-6F5C0B38B456} = {1B0B30AF-E41A-4719-AC85-97DB64FC8135}
		{6D9BBEFC-EDC8-499A-890D-2B0CF49A9552} = {1B0B30AF-E41A-4719-AC85-97DB64FC8135}
	EndGlobalSection
EndGlobal
