
Microsoft Visual Studio Solution File, Format Version 12.00
# Visual Studio 14
VisualStudioVersion = 14.0.25420.1
MinimumVisualStudioVersion = 10.0.40219.1
Project("{2150E333-8FDC-42A3-9474-1A3956D46DE8}") = "Infrastructure", "Infrastructure", "{1B0B30AF-E41A-4719-AC85-97DB64FC8135}"
EndProject
Project("{FAE04EC0-301F-11D3-BF4B-00C04F79EFBC}") = "Nebula.Utilities", "Nebula.Utilities\Nebula.Utilities.csproj", "{8431D32B-C3BA-4EFB-B85D-7BC70798F571}"
EndProject
Project("{FAE04EC0-301F-11D3-BF4B-00C04F79EFBC}") = "Nebula.Utilities.Test", "Nebula.Utilities.Test\Nebula.Utilities.Test.csproj", "{8F600136-F3FB-4FC3-8CDF-982FD06CAC71}"
EndProject
Project("{2150E333-8FDC-42A3-9474-1A3956D46DE8}") = "Solution Items", "Solution Items", "{26F1E490-D348-4EA0-AF52-8CBA2D2F0F1B}"
	ProjectSection(SolutionItems) = preProject
		app.js = app.js
		Local.testsettings = Local.testsettings
		ReadMe.txt = ReadMe.txt
	EndProjectSection
EndProject
Project("{FAE04EC0-301F-11D3-BF4B-00C04F79EFBC}") = "SyntaxTest.cs", "SyntaxTest.cs\SyntaxTest.cs.csproj", "{E5675FBD-1E37-4F69-A0ED-6F5C0B38B456}"
EndProject
Project("{FAE04EC0-301F-11D3-BF4B-00C04F79EFBC}") = "Nebula.Cache.Test", "Nebula.Cache.Test\Nebula.Cache.Test.csproj", "{72804F53-5EB2-4E8C-874A-02C501ECFA6E}"
EndProject
Project("{FAE04EC0-301F-11D3-BF4B-00C04F79EFBC}") = "Code.Test", "Code.Test\Code.Test.csproj", "{62A8F971-350C-4FBD-84F4-E1E84655F16D}"
EndProject
Project("{FAE04EC0-301F-11D3-BF4B-00C04F79EFBC}") = "Nebula.Web", "Nebula.Web\Nebula.Web.csproj", "{23781FB0-E74B-4EA6-B078-3C86630C7733}"
EndProject
Project("{FAE04EC0-301F-11D3-BF4B-00C04F79EFBC}") = "Nebula.MongoDB.Repository", "Nebula.MongoDB.Repository\Nebula.MongoDB.Repository.csproj", "{471DA0B4-6C08-41B2-92A3-5F9E66B143A0}"
EndProject
Project("{2150E333-8FDC-42A3-9474-1A3956D46DE8}") = "Server", "Server", "{6393B565-5C8B-49D4-A357-F56B681806DB}"
EndProject
Project("{2150E333-8FDC-42A3-9474-1A3956D46DE8}") = "Data", "Data", "{5E813404-0D6D-4BAF-A307-C988436C8804}"
EndProject
Project("{2150E333-8FDC-42A3-9474-1A3956D46DE8}") = "Test", "Test", "{896D1BC2-0CB3-44BF-A835-92F4240FCA0E}"
EndProject
Project("{FAE04EC0-301F-11D3-BF4B-00C04F79EFBC}") = "Nebula.Memcached.Repository", "Nebula.Memcached.Repository\Nebula.Memcached.Repository.csproj", "{82AF8C4A-4673-48F7-A5AC-18DB6EF0FFA7}"
EndProject
Project("{FAE04EC0-301F-11D3-BF4B-00C04F79EFBC}") = "Nebula.Redis.Repository", "Nebula.Redis.Repository\Nebula.Redis.Repository.csproj", "{EA99243B-502D-4DFA-B8E7-B4EB80090A3C}"
EndProject
Project("{2150E333-8FDC-42A3-9474-1A3956D46DE8}") = "Test.FirstEC", "Test.FirstEC", "{64D5ABCD-EEC5-44C4-8543-012518D459FE}"
EndProject
Project("{FAE04EC0-301F-11D3-BF4B-00C04F79EFBC}") = "Nebula.FirstEC.OpenAPI", "Nebula.FirstEC.OpenAPI\Nebula.FirstEC.OpenAPI.csproj", "{3036D02C-DA69-4AA1-BF19-0A189D58CB2D}"
EndProject
Project("{FAE04EC0-301F-11D3-BF4B-00C04F79EFBC}") = "Nebula.FirstEC.OpenAPI.Test", "Nebula.FirstEC.OpenAPI.Test\Nebula.FirstEC.OpenAPI.Test.csproj", "{FBB46A3C-9CE8-4274-8A45-EC0F9BE02BE1}"
EndProject
Project("{FAE04EC0-301F-11D3-BF4B-00C04F79EFBC}") = "Nebula.FirstEC.WebSite.Tests", "Nebula.FirstEC.WebSite.Tests\Nebula.FirstEC.WebSite.Tests.csproj", "{B7E279B7-F4FD-402B-898B-C981362FB420}"
EndProject
Project("{FAE04EC0-301F-11D3-BF4B-00C04F79EFBC}") = "Nebula.FirstEC.RabbitMQ", "Nebula.FirstEC.RabbitMQ\Nebula.FirstEC.RabbitMQ.csproj", "{D4998922-900E-475C-B464-1CACAB01D1B9}"
EndProject
Project("{FAE04EC0-301F-11D3-BF4B-00C04F79EFBC}") = "Nebula.FirstEC.RabbitMQ.Test", "Nebula.FirstEC.RabbitMQ.Test\Nebula.FirstEC.RabbitMQ.Test.csproj", "{C05BFC1F-81DF-4012-A568-C45E7651893C}"
EndProject
Project("{FAE04EC0-301F-11D3-BF4B-00C04F79EFBC}") = "Nebula.EntityFramework.Repository", "Nebula.EntityFramework.Repository\Nebula.EntityFramework.Repository.csproj", "{CD58A276-8A17-44FD-8764-09AD2E5403C4}"
EndProject
Project("{FAE04EC0-301F-11D3-BF4B-00C04F79EFBC}") = "Nebula.EntityFramework.Repository.Test", "Nebula.EntityFramework.Repository.Test\Nebula.EntityFramework.Repository.Test.csproj", "{ED3625FB-8C0F-451B-AD23-662066D95582}"
EndProject
Project("{FAE04EC0-301F-11D3-BF4B-00C04F79EFBC}") = "Nebula.Memcached.Repository.Test", "Nebula.Memcached.Repository.Test\Nebula.Memcached.Repository.Test.csproj", "{617298CA-891B-4F39-9675-2DF3AAB93EC1}"
EndProject
Project("{FAE04EC0-301F-11D3-BF4B-00C04F79EFBC}") = "Nebula.MongoDB.Repository.Test", "Nebula.MongoDB.Repository.Test\Nebula.MongoDB.Repository.Test.csproj", "{D5638C8D-3D06-439D-AAE4-0524DF6BAB93}"
EndProject
Project("{FAE04EC0-301F-11D3-BF4B-00C04F79EFBC}") = "Nebula.Redis.Repository.Test", "Nebula.Redis.Repository.Test\Nebula.Redis.Repository.Test.csproj", "{97BF6A17-BA64-490B-8814-3EDE94E7BA9A}"
EndProject
Project("{FAE04EC0-301F-11D3-BF4B-00C04F79EFBC}") = "Nebula.Dapper.Repository", "Nebula.Dapper.Repository\Nebula.Dapper.Repository.csproj", "{26505B67-6CB9-4191-A72F-C5D88EF7C635}"
EndProject
Project("{FAE04EC0-301F-11D3-BF4B-00C04F79EFBC}") = "Nebula.ServiceStackOrmLite.Repository", "Nebula.ServiceStackOrmLite.Repository\Nebula.ServiceStackOrmLite.Repository.csproj", "{61AED5B6-742E-4669-961A-F367092B9613}"
EndProject
Project("{FAE04EC0-301F-11D3-BF4B-00C04F79EFBC}") = "Nebula.Common", "Nebula.Common\Nebula.Common.csproj", "{FFD8CED2-AAD0-443D-9C53-943C7A2327EE}"
EndProject
Project("{FAE04EC0-301F-11D3-BF4B-00C04F79EFBC}") = "Nebula.Dapper.Repository.Test", "Nebula.Dapper.Repository.Test\Nebula.Dapper.Repository.Test.csproj", "{1FE823B0-CB5E-40D1-8B9F-D36F691F66DD}"
EndProject
Project("{FAE04EC0-301F-11D3-BF4B-00C04F79EFBC}") = "Nebula.Test.Model", "Nebula.Test.Model\Nebula.Test.Model.csproj", "{A626FA52-997D-4BA1-AAB9-83F0DC742AC9}"
EndProject
Project("{FAE04EC0-301F-11D3-BF4B-00C04F79EFBC}") = "Nebula.FirstEC.Data", "Nebula.FirstEC.Data\Nebula.FirstEC.Data.csproj", "{3A834C79-05FE-4C07-A321-B6057C28F075}"
EndProject
Project("{FAE04EC0-301F-11D3-BF4B-00C04F79EFBC}") = "Nebula.FirstEC.Domain", "Nebula.FirstEC.Domain\Nebula.FirstEC.Domain.csproj", "{47FF7F27-1A70-4437-93D6-D53793C16DF4}"
EndProject
Project("{FAE04EC0-301F-11D3-BF4B-00C04F79EFBC}") = "Nebula.FirstEC.Website", "Nebula.FirstEC.WebSite\Nebula.FirstEC.Website.csproj", "{5D052A4B-C284-4107-96A1-D168C71FA160}"
EndProject
Project("{FAE04EC0-301F-11D3-BF4B-00C04F79EFBC}") = "Nebula.Domain", "Nebula.Domain\Nebula.Domain.csproj", "{A4BA2B31-88D4-443E-8540-1751494D8577}"
EndProject
Project("{FAE04EC0-301F-11D3-BF4B-00C04F79EFBC}") = "Nebula.Cinema.Domain", "Nebula.Cinema.Domain\Nebula.Cinema.Domain.csproj", "{270E23FD-9CE4-4ED5-84ED-C4C0AE5D1CDF}"
EndProject
Project("{FAE04EC0-301F-11D3-BF4B-00C04F79EFBC}") = "UnitTestProject1", "UnitTestProject1\UnitTestProject1.csproj", "{71EE394E-791B-4F9D-ADB4-FBB0B36B2DC2}"
EndProject
Project("{FAE04EC0-301F-11D3-BF4B-00C04F79EFBC}") = "Cinema.Website", "Cinema.Website\Cinema.Website.csproj", "{8472CD25-BF39-401D-A6A5-2C19F5A62AD6}"
EndProject
Project("{FAE04EC0-301F-11D3-BF4B-00C04F79EFBC}") = "Cinema.Website.Tests", "Cinema.Website.Tests\Cinema.Website.Tests.csproj", "{EB5BF687-5229-4833-8F28-BCA1068BE5E7}"
EndProject
Project("{FAE04EC0-301F-11D3-BF4B-00C04F79EFBC}") = "Nebula.Cinema.Data", "Nebula.Cinema.Data\Nebula.Cinema.Data.csproj", "{4663F279-3833-4E3F-82A8-A5C4CDA62DA0}"
EndProject
Global
	GlobalSection(SolutionConfigurationPlatforms) = preSolution
		Debug|Any CPU = Debug|Any CPU
		Release|Any CPU = Release|Any CPU
	EndGlobalSection
	GlobalSection(ProjectConfigurationPlatforms) = postSolution
		{8431D32B-C3BA-4EFB-B85D-7BC70798F571}.Debug|Any CPU.ActiveCfg = Debug|Any CPU
		{8431D32B-C3BA-4EFB-B85D-7BC70798F571}.Debug|Any CPU.Build.0 = Debug|Any CPU
		{8431D32B-C3BA-4EFB-B85D-7BC70798F571}.Release|Any CPU.ActiveCfg = Release|Any CPU
		{8431D32B-C3BA-4EFB-B85D-7BC70798F571}.Release|Any CPU.Build.0 = Release|Any CPU
		{8F600136-F3FB-4FC3-8CDF-982FD06CAC71}.Debug|Any CPU.ActiveCfg = Debug|Any CPU
		{8F600136-F3FB-4FC3-8CDF-982FD06CAC71}.Debug|Any CPU.Build.0 = Debug|Any CPU
		{8F600136-F3FB-4FC3-8CDF-982FD06CAC71}.Release|Any CPU.ActiveCfg = Release|Any CPU
		{8F600136-F3FB-4FC3-8CDF-982FD06CAC71}.Release|Any CPU.Build.0 = Release|Any CPU
		{E5675FBD-1E37-4F69-A0ED-6F5C0B38B456}.Debug|Any CPU.ActiveCfg = Debug|Any CPU
		{E5675FBD-1E37-4F69-A0ED-6F5C0B38B456}.Debug|Any CPU.Build.0 = Debug|Any CPU
		{E5675FBD-1E37-4F69-A0ED-6F5C0B38B456}.Release|Any CPU.ActiveCfg = Release|Any CPU
		{E5675FBD-1E37-4F69-A0ED-6F5C0B38B456}.Release|Any CPU.Build.0 = Release|Any CPU
		{72804F53-5EB2-4E8C-874A-02C501ECFA6E}.Debug|Any CPU.ActiveCfg = Debug|Any CPU
		{72804F53-5EB2-4E8C-874A-02C501ECFA6E}.Debug|Any CPU.Build.0 = Debug|Any CPU
		{72804F53-5EB2-4E8C-874A-02C501ECFA6E}.Release|Any CPU.ActiveCfg = Release|Any CPU
		{72804F53-5EB2-4E8C-874A-02C501ECFA6E}.Release|Any CPU.Build.0 = Release|Any CPU
		{62A8F971-350C-4FBD-84F4-E1E84655F16D}.Debug|Any CPU.ActiveCfg = Debug|Any CPU
		{62A8F971-350C-4FBD-84F4-E1E84655F16D}.Debug|Any CPU.Build.0 = Debug|Any CPU
		{62A8F971-350C-4FBD-84F4-E1E84655F16D}.Release|Any CPU.ActiveCfg = Release|Any CPU
		{62A8F971-350C-4FBD-84F4-E1E84655F16D}.Release|Any CPU.Build.0 = Release|Any CPU
		{23781FB0-E74B-4EA6-B078-3C86630C7733}.Debug|Any CPU.ActiveCfg = Debug|Any CPU
		{23781FB0-E74B-4EA6-B078-3C86630C7733}.Debug|Any CPU.Build.0 = Debug|Any CPU
		{23781FB0-E74B-4EA6-B078-3C86630C7733}.Release|Any CPU.ActiveCfg = Release|Any CPU
		{23781FB0-E74B-4EA6-B078-3C86630C7733}.Release|Any CPU.Build.0 = Release|Any CPU
		{471DA0B4-6C08-41B2-92A3-5F9E66B143A0}.Debug|Any CPU.ActiveCfg = Debug|Any CPU
		{471DA0B4-6C08-41B2-92A3-5F9E66B143A0}.Debug|Any CPU.Build.0 = Debug|Any CPU
		{471DA0B4-6C08-41B2-92A3-5F9E66B143A0}.Release|Any CPU.ActiveCfg = Release|Any CPU
		{471DA0B4-6C08-41B2-92A3-5F9E66B143A0}.Release|Any CPU.Build.0 = Release|Any CPU
		{82AF8C4A-4673-48F7-A5AC-18DB6EF0FFA7}.Debug|Any CPU.ActiveCfg = Debug|Any CPU
		{82AF8C4A-4673-48F7-A5AC-18DB6EF0FFA7}.Debug|Any CPU.Build.0 = Debug|Any CPU
		{82AF8C4A-4673-48F7-A5AC-18DB6EF0FFA7}.Release|Any CPU.ActiveCfg = Release|Any CPU
		{82AF8C4A-4673-48F7-A5AC-18DB6EF0FFA7}.Release|Any CPU.Build.0 = Release|Any CPU
		{EA99243B-502D-4DFA-B8E7-B4EB80090A3C}.Debug|Any CPU.ActiveCfg = Debug|Any CPU
		{EA99243B-502D-4DFA-B8E7-B4EB80090A3C}.Debug|Any CPU.Build.0 = Debug|Any CPU
		{EA99243B-502D-4DFA-B8E7-B4EB80090A3C}.Release|Any CPU.ActiveCfg = Release|Any CPU
		{EA99243B-502D-4DFA-B8E7-B4EB80090A3C}.Release|Any CPU.Build.0 = Release|Any CPU
		{3036D02C-DA69-4AA1-BF19-0A189D58CB2D}.Debug|Any CPU.ActiveCfg = Debug|Any CPU
		{3036D02C-DA69-4AA1-BF19-0A189D58CB2D}.Debug|Any CPU.Build.0 = Debug|Any CPU
		{3036D02C-DA69-4AA1-BF19-0A189D58CB2D}.Release|Any CPU.ActiveCfg = Release|Any CPU
		{3036D02C-DA69-4AA1-BF19-0A189D58CB2D}.Release|Any CPU.Build.0 = Release|Any CPU
		{FBB46A3C-9CE8-4274-8A45-EC0F9BE02BE1}.Debug|Any CPU.ActiveCfg = Debug|Any CPU
		{FBB46A3C-9CE8-4274-8A45-EC0F9BE02BE1}.Debug|Any CPU.Build.0 = Debug|Any CPU
		{FBB46A3C-9CE8-4274-8A45-EC0F9BE02BE1}.Release|Any CPU.ActiveCfg = Release|Any CPU
		{FBB46A3C-9CE8-4274-8A45-EC0F9BE02BE1}.Release|Any CPU.Build.0 = Release|Any CPU
		{B7E279B7-F4FD-402B-898B-C981362FB420}.Debug|Any CPU.ActiveCfg = Debug|Any CPU
		{B7E279B7-F4FD-402B-898B-C981362FB420}.Debug|Any CPU.Build.0 = Debug|Any CPU
		{B7E279B7-F4FD-402B-898B-C981362FB420}.Release|Any CPU.ActiveCfg = Release|Any CPU
		{B7E279B7-F4FD-402B-898B-C981362FB420}.Release|Any CPU.Build.0 = Release|Any CPU
		{D4998922-900E-475C-B464-1CACAB01D1B9}.Debug|Any CPU.ActiveCfg = Debug|Any CPU
		{D4998922-900E-475C-B464-1CACAB01D1B9}.Debug|Any CPU.Build.0 = Debug|Any CPU
		{D4998922-900E-475C-B464-1CACAB01D1B9}.Release|Any CPU.ActiveCfg = Release|Any CPU
		{D4998922-900E-475C-B464-1CACAB01D1B9}.Release|Any CPU.Build.0 = Release|Any CPU
		{C05BFC1F-81DF-4012-A568-C45E7651893C}.Debug|Any CPU.ActiveCfg = Debug|Any CPU
		{C05BFC1F-81DF-4012-A568-C45E7651893C}.Debug|Any CPU.Build.0 = Debug|Any CPU
		{C05BFC1F-81DF-4012-A568-C45E7651893C}.Release|Any CPU.ActiveCfg = Release|Any CPU
		{C05BFC1F-81DF-4012-A568-C45E7651893C}.Release|Any CPU.Build.0 = Release|Any CPU
		{CD58A276-8A17-44FD-8764-09AD2E5403C4}.Debug|Any CPU.ActiveCfg = Debug|Any CPU
		{CD58A276-8A17-44FD-8764-09AD2E5403C4}.Debug|Any CPU.Build.0 = Debug|Any CPU
		{CD58A276-8A17-44FD-8764-09AD2E5403C4}.Release|Any CPU.ActiveCfg = Release|Any CPU
		{CD58A276-8A17-44FD-8764-09AD2E5403C4}.Release|Any CPU.Build.0 = Release|Any CPU
		{ED3625FB-8C0F-451B-AD23-662066D95582}.Debug|Any CPU.ActiveCfg = Debug|Any CPU
		{ED3625FB-8C0F-451B-AD23-662066D95582}.Debug|Any CPU.Build.0 = Debug|Any CPU
		{ED3625FB-8C0F-451B-AD23-662066D95582}.Release|Any CPU.ActiveCfg = Release|Any CPU
		{ED3625FB-8C0F-451B-AD23-662066D95582}.Release|Any CPU.Build.0 = Release|Any CPU
		{617298CA-891B-4F39-9675-2DF3AAB93EC1}.Debug|Any CPU.ActiveCfg = Debug|Any CPU
		{617298CA-891B-4F39-9675-2DF3AAB93EC1}.Debug|Any CPU.Build.0 = Debug|Any CPU
		{617298CA-891B-4F39-9675-2DF3AAB93EC1}.Release|Any CPU.ActiveCfg = Release|Any CPU
		{617298CA-891B-4F39-9675-2DF3AAB93EC1}.Release|Any CPU.Build.0 = Release|Any CPU
		{D5638C8D-3D06-439D-AAE4-0524DF6BAB93}.Debug|Any CPU.ActiveCfg = Debug|Any CPU
		{D5638C8D-3D06-439D-AAE4-0524DF6BAB93}.Debug|Any CPU.Build.0 = Debug|Any CPU
		{D5638C8D-3D06-439D-AAE4-0524DF6BAB93}.Release|Any CPU.ActiveCfg = Release|Any CPU
		{D5638C8D-3D06-439D-AAE4-0524DF6BAB93}.Release|Any CPU.Build.0 = Release|Any CPU
		{97BF6A17-BA64-490B-8814-3EDE94E7BA9A}.Debug|Any CPU.ActiveCfg = Debug|Any CPU
		{97BF6A17-BA64-490B-8814-3EDE94E7BA9A}.Debug|Any CPU.Build.0 = Debug|Any CPU
		{97BF6A17-BA64-490B-8814-3EDE94E7BA9A}.Release|Any CPU.ActiveCfg = Release|Any CPU
		{97BF6A17-BA64-490B-8814-3EDE94E7BA9A}.Release|Any CPU.Build.0 = Release|Any CPU
		{26505B67-6CB9-4191-A72F-C5D88EF7C635}.Debug|Any CPU.ActiveCfg = Debug|Any CPU
		{26505B67-6CB9-4191-A72F-C5D88EF7C635}.Debug|Any CPU.Build.0 = Debug|Any CPU
		{26505B67-6CB9-4191-A72F-C5D88EF7C635}.Release|Any CPU.ActiveCfg = Release|Any CPU
		{26505B67-6CB9-4191-A72F-C5D88EF7C635}.Release|Any CPU.Build.0 = Release|Any CPU
		{61AED5B6-742E-4669-961A-F367092B9613}.Debug|Any CPU.ActiveCfg = Debug|Any CPU
		{61AED5B6-742E-4669-961A-F367092B9613}.Debug|Any CPU.Build.0 = Debug|Any CPU
		{61AED5B6-742E-4669-961A-F367092B9613}.Release|Any CPU.ActiveCfg = Release|Any CPU
		{61AED5B6-742E-4669-961A-F367092B9613}.Release|Any CPU.Build.0 = Release|Any CPU
		{FFD8CED2-AAD0-443D-9C53-943C7A2327EE}.Debug|Any CPU.ActiveCfg = Debug|Any CPU
		{FFD8CED2-AAD0-443D-9C53-943C7A2327EE}.Debug|Any CPU.Build.0 = Debug|Any CPU
		{FFD8CED2-AAD0-443D-9C53-943C7A2327EE}.Release|Any CPU.ActiveCfg = Release|Any CPU
		{FFD8CED2-AAD0-443D-9C53-943C7A2327EE}.Release|Any CPU.Build.0 = Release|Any CPU
		{1FE823B0-CB5E-40D1-8B9F-D36F691F66DD}.Debug|Any CPU.ActiveCfg = Debug|Any CPU
		{1FE823B0-CB5E-40D1-8B9F-D36F691F66DD}.Debug|Any CPU.Build.0 = Debug|Any CPU
		{1FE823B0-CB5E-40D1-8B9F-D36F691F66DD}.Release|Any CPU.ActiveCfg = Release|Any CPU
		{1FE823B0-CB5E-40D1-8B9F-D36F691F66DD}.Release|Any CPU.Build.0 = Release|Any CPU
		{A626FA52-997D-4BA1-AAB9-83F0DC742AC9}.Debug|Any CPU.ActiveCfg = Debug|Any CPU
		{A626FA52-997D-4BA1-AAB9-83F0DC742AC9}.Debug|Any CPU.Build.0 = Debug|Any CPU
		{A626FA52-997D-4BA1-AAB9-83F0DC742AC9}.Release|Any CPU.ActiveCfg = Release|Any CPU
		{A626FA52-997D-4BA1-AAB9-83F0DC742AC9}.Release|Any CPU.Build.0 = Release|Any CPU
		{3A834C79-05FE-4C07-A321-B6057C28F075}.Debug|Any CPU.ActiveCfg = Debug|Any CPU
		{3A834C79-05FE-4C07-A321-B6057C28F075}.Debug|Any CPU.Build.0 = Debug|Any CPU
		{3A834C79-05FE-4C07-A321-B6057C28F075}.Release|Any CPU.ActiveCfg = Release|Any CPU
		{3A834C79-05FE-4C07-A321-B6057C28F075}.Release|Any CPU.Build.0 = Release|Any CPU
		{47FF7F27-1A70-4437-93D6-D53793C16DF4}.Debug|Any CPU.ActiveCfg = Debug|Any CPU
		{47FF7F27-1A70-4437-93D6-D53793C16DF4}.Debug|Any CPU.Build.0 = Debug|Any CPU
		{47FF7F27-1A70-4437-93D6-D53793C16DF4}.Release|Any CPU.ActiveCfg = Release|Any CPU
		{47FF7F27-1A70-4437-93D6-D53793C16DF4}.Release|Any CPU.Build.0 = Release|Any CPU
		{5D052A4B-C284-4107-96A1-D168C71FA160}.Debug|Any CPU.ActiveCfg = Debug|Any CPU
		{5D052A4B-C284-4107-96A1-D168C71FA160}.Debug|Any CPU.Build.0 = Debug|Any CPU
		{5D052A4B-C284-4107-96A1-D168C71FA160}.Release|Any CPU.ActiveCfg = Release|Any CPU
		{5D052A4B-C284-4107-96A1-D168C71FA160}.Release|Any CPU.Build.0 = Release|Any CPU
		{A4BA2B31-88D4-443E-8540-1751494D8577}.Debug|Any CPU.ActiveCfg = Debug|Any CPU
		{A4BA2B31-88D4-443E-8540-1751494D8577}.Debug|Any CPU.Build.0 = Debug|Any CPU
		{A4BA2B31-88D4-443E-8540-1751494D8577}.Release|Any CPU.ActiveCfg = Release|Any CPU
		{A4BA2B31-88D4-443E-8540-1751494D8577}.Release|Any CPU.Build.0 = Release|Any CPU
		{270E23FD-9CE4-4ED5-84ED-C4C0AE5D1CDF}.Debug|Any CPU.ActiveCfg = Debug|Any CPU
		{270E23FD-9CE4-4ED5-84ED-C4C0AE5D1CDF}.Debug|Any CPU.Build.0 = Debug|Any CPU
		{270E23FD-9CE4-4ED5-84ED-C4C0AE5D1CDF}.Release|Any CPU.ActiveCfg = Release|Any CPU
		{270E23FD-9CE4-4ED5-84ED-C4C0AE5D1CDF}.Release|Any CPU.Build.0 = Release|Any CPU
		{71EE394E-791B-4F9D-ADB4-FBB0B36B2DC2}.Debug|Any CPU.ActiveCfg = Debug|Any CPU
		{71EE394E-791B-4F9D-ADB4-FBB0B36B2DC2}.Debug|Any CPU.Build.0 = Debug|Any CPU
		{71EE394E-791B-4F9D-ADB4-FBB0B36B2DC2}.Release|Any CPU.ActiveCfg = Release|Any CPU
		{71EE394E-791B-4F9D-ADB4-FBB0B36B2DC2}.Release|Any CPU.Build.0 = Release|Any CPU
		{8472CD25-BF39-401D-A6A5-2C19F5A62AD6}.Debug|Any CPU.ActiveCfg = Debug|Any CPU
		{8472CD25-BF39-401D-A6A5-2C19F5A62AD6}.Debug|Any CPU.Build.0 = Debug|Any CPU
		{8472CD25-BF39-401D-A6A5-2C19F5A62AD6}.Release|Any CPU.ActiveCfg = Release|Any CPU
		{8472CD25-BF39-401D-A6A5-2C19F5A62AD6}.Release|Any CPU.Build.0 = Release|Any CPU
		{EB5BF687-5229-4833-8F28-BCA1068BE5E7}.Debug|Any CPU.ActiveCfg = Debug|Any CPU
		{EB5BF687-5229-4833-8F28-BCA1068BE5E7}.Debug|Any CPU.Build.0 = Debug|Any CPU
		{EB5BF687-5229-4833-8F28-BCA1068BE5E7}.Release|Any CPU.ActiveCfg = Release|Any CPU
		{EB5BF687-5229-4833-8F28-BCA1068BE5E7}.Release|Any CPU.Build.0 = Release|Any CPU
		{4663F279-3833-4E3F-82A8-A5C4CDA62DA0}.Debug|Any CPU.ActiveCfg = Debug|Any CPU
		{4663F279-3833-4E3F-82A8-A5C4CDA62DA0}.Debug|Any CPU.Build.0 = Debug|Any CPU
		{4663F279-3833-4E3F-82A8-A5C4CDA62DA0}.Release|Any CPU.ActiveCfg = Release|Any CPU
		{4663F279-3833-4E3F-82A8-A5C4CDA62DA0}.Release|Any CPU.Build.0 = Release|Any CPU
	EndGlobalSection
	GlobalSection(SolutionProperties) = preSolution
		HideSolutionNode = FALSE
	EndGlobalSection
	GlobalSection(NestedProjects) = preSolution
		{8431D32B-C3BA-4EFB-B85D-7BC70798F571} = {1B0B30AF-E41A-4719-AC85-97DB64FC8135}
		{8F600136-F3FB-4FC3-8CDF-982FD06CAC71} = {896D1BC2-0CB3-44BF-A835-92F4240FCA0E}
		{E5675FBD-1E37-4F69-A0ED-6F5C0B38B456} = {896D1BC2-0CB3-44BF-A835-92F4240FCA0E}
		{72804F53-5EB2-4E8C-874A-02C501ECFA6E} = {896D1BC2-0CB3-44BF-A835-92F4240FCA0E}
		{62A8F971-350C-4FBD-84F4-E1E84655F16D} = {896D1BC2-0CB3-44BF-A835-92F4240FCA0E}
		{23781FB0-E74B-4EA6-B078-3C86630C7733} = {1B0B30AF-E41A-4719-AC85-97DB64FC8135}
		{471DA0B4-6C08-41B2-92A3-5F9E66B143A0} = {5E813404-0D6D-4BAF-A307-C988436C8804}
		{82AF8C4A-4673-48F7-A5AC-18DB6EF0FFA7} = {5E813404-0D6D-4BAF-A307-C988436C8804}
		{EA99243B-502D-4DFA-B8E7-B4EB80090A3C} = {5E813404-0D6D-4BAF-A307-C988436C8804}
		{FBB46A3C-9CE8-4274-8A45-EC0F9BE02BE1} = {64D5ABCD-EEC5-44C4-8543-012518D459FE}
		{B7E279B7-F4FD-402B-898B-C981362FB420} = {64D5ABCD-EEC5-44C4-8543-012518D459FE}
		{D4998922-900E-475C-B464-1CACAB01D1B9} = {6393B565-5C8B-49D4-A357-F56B681806DB}
		{C05BFC1F-81DF-4012-A568-C45E7651893C} = {64D5ABCD-EEC5-44C4-8543-012518D459FE}
		{CD58A276-8A17-44FD-8764-09AD2E5403C4} = {5E813404-0D6D-4BAF-A307-C988436C8804}
		{ED3625FB-8C0F-451B-AD23-662066D95582} = {896D1BC2-0CB3-44BF-A835-92F4240FCA0E}
		{617298CA-891B-4F39-9675-2DF3AAB93EC1} = {896D1BC2-0CB3-44BF-A835-92F4240FCA0E}
		{D5638C8D-3D06-439D-AAE4-0524DF6BAB93} = {896D1BC2-0CB3-44BF-A835-92F4240FCA0E}
		{97BF6A17-BA64-490B-8814-3EDE94E7BA9A} = {896D1BC2-0CB3-44BF-A835-92F4240FCA0E}
		{26505B67-6CB9-4191-A72F-C5D88EF7C635} = {5E813404-0D6D-4BAF-A307-C988436C8804}
		{61AED5B6-742E-4669-961A-F367092B9613} = {5E813404-0D6D-4BAF-A307-C988436C8804}
		{FFD8CED2-AAD0-443D-9C53-943C7A2327EE} = {1B0B30AF-E41A-4719-AC85-97DB64FC8135}
		{1FE823B0-CB5E-40D1-8B9F-D36F691F66DD} = {896D1BC2-0CB3-44BF-A835-92F4240FCA0E}
		{A626FA52-997D-4BA1-AAB9-83F0DC742AC9} = {896D1BC2-0CB3-44BF-A835-92F4240FCA0E}
		{3A834C79-05FE-4C07-A321-B6057C28F075} = {6393B565-5C8B-49D4-A357-F56B681806DB}
		{47FF7F27-1A70-4437-93D6-D53793C16DF4} = {6393B565-5C8B-49D4-A357-F56B681806DB}
		{A4BA2B31-88D4-443E-8540-1751494D8577} = {1B0B30AF-E41A-4719-AC85-97DB64FC8135}
		{270E23FD-9CE4-4ED5-84ED-C4C0AE5D1CDF} = {6393B565-5C8B-49D4-A357-F56B681806DB}
		{71EE394E-791B-4F9D-ADB4-FBB0B36B2DC2} = {896D1BC2-0CB3-44BF-A835-92F4240FCA0E}
		{4663F279-3833-4E3F-82A8-A5C4CDA62DA0} = {6393B565-5C8B-49D4-A357-F56B681806DB}
	EndGlobalSection
EndGlobal
